// !$*UTF8*$!
{
	archiveVersion = 1;
	classes = {
	};
	objectVersion = 56;
	objects = {

/* Begin PBXBuildFile section */
		4DE0685428EC9945001B743A /* AppDelegate.swift in Sources */ = {isa = PBXBuildFile; fileRef = 4DE0685328EC9945001B743A /* AppDelegate.swift */; };
		4DE0685628EC9945001B743A /* SceneDelegate.swift in Sources */ = {isa = PBXBuildFile; fileRef = 4DE0685528EC9945001B743A /* SceneDelegate.swift */; };
		4DE0685828EC9945001B743A /* AuthViewController.swift in Sources */ = {isa = PBXBuildFile; fileRef = 4DE0685728EC9945001B743A /* AuthViewController.swift */; };
		4DE0685B28EC9945001B743A /* Main.storyboard in Resources */ = {isa = PBXBuildFile; fileRef = 4DE0685928EC9945001B743A /* Main.storyboard */; };
		4DE0685D28EC9946001B743A /* Assets.xcassets in Resources */ = {isa = PBXBuildFile; fileRef = 4DE0685C28EC9946001B743A /* Assets.xcassets */; };
		4DE0686028EC9946001B743A /* LaunchScreen.storyboard in Resources */ = {isa = PBXBuildFile; fileRef = 4DE0685E28EC9946001B743A /* LaunchScreen.storyboard */; };
		4DE0686A28ECA48D001B743A /* SignUpViewController.swift in Sources */ = {isa = PBXBuildFile; fileRef = 4DE0686928ECA48D001B743A /* SignUpViewController.swift */; };
		4DE0686C28ECA4A6001B743A /* AlbumsViewController.swift in Sources */ = {isa = PBXBuildFile; fileRef = 4DE0686B28ECA4A6001B743A /* AlbumsViewController.swift */; };
		4DE0686E28ECA4C3001B743A /* DetailAlbumsViewController.swift in Sources */ = {isa = PBXBuildFile; fileRef = 4DE0686D28ECA4C3001B743A /* DetailAlbumsViewController.swift */; };
		4DE0687028ECA4D7001B743A /* UserInfoViewController.swift in Sources */ = {isa = PBXBuildFile; fileRef = 4DE0686F28ECA4D7001B743A /* UserInfoViewController.swift */; };
		4DE0687728ECA7F8001B743A /* UIStackView + extension.swift in Sources */ = {isa = PBXBuildFile; fileRef = 4DE0687628ECA7F8001B743A /* UIStackView + extension.swift */; };
		4DE0687928ECD218001B743A /* UIViewController + extension.swift in Sources */ = {isa = PBXBuildFile; fileRef = 4DE0687828ECD218001B743A /* UIViewController + extension.swift */; };
		4DE0687B28ECD4FC001B743A /* AlbumsTableViewCell.swift in Sources */ = {isa = PBXBuildFile; fileRef = 4DE0687A28ECD4FC001B743A /* AlbumsTableViewCell.swift */; };
		4DE0687D28ECE27E001B743A /* SongsCollectionViewCell.swift in Sources */ = {isa = PBXBuildFile; fileRef = 4DE0687C28ECE27E001B743A /* SongsCollectionViewCell.swift */; };
		4DE0687F28EDB98B001B743A /* String + Extension.swift in Sources */ = {isa = PBXBuildFile; fileRef = 4DE0687E28EDB98B001B743A /* String + Extension.swift */; };
/* End PBXBuildFile section */

/* Begin PBXFileReference section */
		4DE0685028EC9945001B743A /* iTunes_TestTask.app */ = {isa = PBXFileReference; explicitFileType = wrapper.application; includeInIndex = 0; path = iTunes_TestTask.app; sourceTree = BUILT_PRODUCTS_DIR; };
		4DE0685328EC9945001B743A /* AppDelegate.swift */ = {isa = PBXFileReference; lastKnownFileType = sourcecode.swift; path = AppDelegate.swift; sourceTree = "<group>"; };
		4DE0685528EC9945001B743A /* SceneDelegate.swift */ = {isa = PBXFileReference; lastKnownFileType = sourcecode.swift; path = SceneDelegate.swift; sourceTree = "<group>"; };
		4DE0685728EC9945001B743A /* AuthViewController.swift */ = {isa = PBXFileReference; lastKnownFileType = sourcecode.swift; path = AuthViewController.swift; sourceTree = "<group>"; };
		4DE0685A28EC9945001B743A /* Base */ = {isa = PBXFileReference; lastKnownFileType = file.storyboard; name = Base; path = Base.lproj/Main.storyboard; sourceTree = "<group>"; };
		4DE0685C28EC9946001B743A /* Assets.xcassets */ = {isa = PBXFileReference; lastKnownFileType = folder.assetcatalog; path = Assets.xcassets; sourceTree = "<group>"; };
		4DE0685F28EC9946001B743A /* Base */ = {isa = PBXFileReference; lastKnownFileType = file.storyboard; name = Base; path = Base.lproj/LaunchScreen.storyboard; sourceTree = "<group>"; };
		4DE0686128EC9946001B743A /* Info.plist */ = {isa = PBXFileReference; lastKnownFileType = text.plist.xml; path = Info.plist; sourceTree = "<group>"; };
		4DE0686928ECA48D001B743A /* SignUpViewController.swift */ = {isa = PBXFileReference; lastKnownFileType = sourcecode.swift; path = SignUpViewController.swift; sourceTree = "<group>"; };
		4DE0686B28ECA4A6001B743A /* AlbumsViewController.swift */ = {isa = PBXFileReference; lastKnownFileType = sourcecode.swift; path = AlbumsViewController.swift; sourceTree = "<group>"; };
		4DE0686D28ECA4C3001B743A /* DetailAlbumsViewController.swift */ = {isa = PBXFileReference; lastKnownFileType = sourcecode.swift; path = DetailAlbumsViewController.swift; sourceTree = "<group>"; };
		4DE0686F28ECA4D7001B743A /* UserInfoViewController.swift */ = {isa = PBXFileReference; lastKnownFileType = sourcecode.swift; path = UserInfoViewController.swift; sourceTree = "<group>"; };
		4DE0687628ECA7F8001B743A /* UIStackView + extension.swift */ = {isa = PBXFileReference; lastKnownFileType = sourcecode.swift; path = "UIStackView + extension.swift"; sourceTree = "<group>"; };
		4DE0687828ECD218001B743A /* UIViewController + extension.swift */ = {isa = PBXFileReference; lastKnownFileType = sourcecode.swift; path = "UIViewController + extension.swift"; sourceTree = "<group>"; };
		4DE0687A28ECD4FC001B743A /* AlbumsTableViewCell.swift */ = {isa = PBXFileReference; lastKnownFileType = sourcecode.swift; path = AlbumsTableViewCell.swift; sourceTree = "<group>"; };
		4DE0687C28ECE27E001B743A /* SongsCollectionViewCell.swift */ = {isa = PBXFileReference; lastKnownFileType = sourcecode.swift; path = SongsCollectionViewCell.swift; sourceTree = "<group>"; };
		4DE0687E28EDB98B001B743A /* String + Extension.swift */ = {isa = PBXFileReference; lastKnownFileType = sourcecode.swift; path = "String + Extension.swift"; sourceTree = "<group>"; };
/* End PBXFileReference section */

/* Begin PBXFrameworksBuildPhase section */
		4DE0684D28EC9945001B743A /* Frameworks */ = {
			isa = PBXFrameworksBuildPhase;
			buildActionMask = 2147483647;
			files = (
			);
			runOnlyForDeploymentPostprocessing = 0;
		};
/* End PBXFrameworksBuildPhase section */

/* Begin PBXGroup section */
		4DE0684728EC9945001B743A = {
			isa = PBXGroup;
			children = (
				4DE0685228EC9945001B743A /* iTunes_TestTask */,
				4DE0685128EC9945001B743A /* Products */,
			);
			sourceTree = "<group>";
		};
		4DE0685128EC9945001B743A /* Products */ = {
			isa = PBXGroup;
			children = (
				4DE0685028EC9945001B743A /* iTunes_TestTask.app */,
			);
			name = Products;
			sourceTree = "<group>";
		};
		4DE0685228EC9945001B743A /* iTunes_TestTask */ = {
			isa = PBXGroup;
			children = (
				4DE0686728ECA457001B743A /* Applications */,
				4DE0686828ECA46F001B743A /* Controllers */,
				4DE0687228ECA4F9001B743A /* Extensions */,
				4DE0687328ECA50C001B743A /* Resources */,
				4DE0687428ECA533001B743A /* Products */,
			);
			path = iTunes_TestTask;
			sourceTree = "<group>";
		};
		4DE0686728ECA457001B743A /* Applications */ = {
			isa = PBXGroup;
			children = (
				4DE0685328EC9945001B743A /* AppDelegate.swift */,
				4DE0685528EC9945001B743A /* SceneDelegate.swift */,
			);
			path = Applications;
			sourceTree = "<group>";
		};
		4DE0686828ECA46F001B743A /* Controllers */ = {
			isa = PBXGroup;
			children = (
				4DE0687128ECA4DD001B743A /* Cells */,
				4DE0685728EC9945001B743A /* AuthViewController.swift */,
				4DE0686928ECA48D001B743A /* SignUpViewController.swift */,
				4DE0686B28ECA4A6001B743A /* AlbumsViewController.swift */,
				4DE0686D28ECA4C3001B743A /* DetailAlbumsViewController.swift */,
				4DE0686F28ECA4D7001B743A /* UserInfoViewController.swift */,
			);
			path = Controllers;
			sourceTree = "<group>";
		};
		4DE0687128ECA4DD001B743A /* Cells */ = {
			isa = PBXGroup;
			children = (
				4DE0687A28ECD4FC001B743A /* AlbumsTableViewCell.swift */,
				4DE0687C28ECE27E001B743A /* SongsCollectionViewCell.swift */,
			);
			path = Cells;
			sourceTree = "<group>";
		};
		4DE0687228ECA4F9001B743A /* Extensions */ = {
			isa = PBXGroup;
			children = (
				4DE0687528ECA7D2001B743A /* UIKit */,
				4DE0687E28EDB98B001B743A /* String + Extension.swift */,
			);
			path = Extensions;
			sourceTree = "<group>";
		};
		4DE0687328ECA50C001B743A /* Resources */ = {
			isa = PBXGroup;
			children = (
			);
			path = Resources;
			sourceTree = "<group>";
		};
		4DE0687428ECA533001B743A /* Products */ = {
			isa = PBXGroup;
			children = (
				4DE0685928EC9945001B743A /* Main.storyboard */,
				4DE0685C28EC9946001B743A /* Assets.xcassets */,
				4DE0685E28EC9946001B743A /* LaunchScreen.storyboard */,
				4DE0686128EC9946001B743A /* Info.plist */,
			);
			path = Products;
			sourceTree = "<group>";
		};
		4DE0687528ECA7D2001B743A /* UIKit */ = {
			isa = PBXGroup;
			children = (
				4DE0687628ECA7F8001B743A /* UIStackView + extension.swift */,
				4DE0687828ECD218001B743A /* UIViewController + extension.swift */,
			);
			path = UIKit;
			sourceTree = "<group>";
		};
/* End PBXGroup section */

/* Begin PBXNativeTarget section */
		4DE0684F28EC9945001B743A /* iTunes_TestTask */ = {
			isa = PBXNativeTarget;
			buildConfigurationList = 4DE0686428EC9946001B743A /* Build configuration list for PBXNativeTarget "iTunes_TestTask" */;
			buildPhases = (
				4DE0684C28EC9945001B743A /* Sources */,
				4DE0684D28EC9945001B743A /* Frameworks */,
				4DE0684E28EC9945001B743A /* Resources */,
			);
			buildRules = (
			);
			dependencies = (
			);
			name = iTunes_TestTask;
			productName = iTunes_TestTask;
			productReference = 4DE0685028EC9945001B743A /* iTunes_TestTask.app */;
			productType = "com.apple.product-type.application";
		};
/* End PBXNativeTarget section */

/* Begin PBXProject section */
		4DE0684828EC9945001B743A /* Project object */ = {
			isa = PBXProject;
			attributes = {
				BuildIndependentTargetsInParallel = 1;
				LastSwiftUpdateCheck = 1400;
				LastUpgradeCheck = 1400;
				TargetAttributes = {
					4DE0684F28EC9945001B743A = {
						CreatedOnToolsVersion = 14.0;
					};
				};
			};
			buildConfigurationList = 4DE0684B28EC9945001B743A /* Build configuration list for PBXProject "iTunes_TestTask" */;
			compatibilityVersion = "Xcode 14.0";
			developmentRegion = en;
			hasScannedForEncodings = 0;
			knownRegions = (
				en,
				Base,
			);
			mainGroup = 4DE0684728EC9945001B743A;
			productRefGroup = 4DE0685128EC9945001B743A /* Products */;
			projectDirPath = "";
			projectRoot = "";
			targets = (
				4DE0684F28EC9945001B743A /* iTunes_TestTask */,
			);
		};
/* End PBXProject section */

/* Begin PBXResourcesBuildPhase section */
		4DE0684E28EC9945001B743A /* Resources */ = {
			isa = PBXResourcesBuildPhase;
			buildActionMask = 2147483647;
			files = (
				4DE0686028EC9946001B743A /* LaunchScreen.storyboard in Resources */,
				4DE0685D28EC9946001B743A /* Assets.xcassets in Resources */,
				4DE0685B28EC9945001B743A /* Main.storyboard in Resources */,
			);
			runOnlyForDeploymentPostprocessing = 0;
		};
/* End PBXResourcesBuildPhase section */

/* Begin PBXSourcesBuildPhase section */
		4DE0684C28EC9945001B743A /* Sources */ = {
			isa = PBXSourcesBuildPhase;
			buildActionMask = 2147483647;
			files = (
				4DE0685828EC9945001B743A /* AuthViewController.swift in Sources */,
				4DE0687028ECA4D7001B743A /* UserInfoViewController.swift in Sources */,
				4DE0687F28EDB98B001B743A /* String + Extension.swift in Sources */,
				4DE0685428EC9945001B743A /* AppDelegate.swift in Sources */,
				4DE0687B28ECD4FC001B743A /* AlbumsTableViewCell.swift in Sources */,
				4DE0686E28ECA4C3001B743A /* DetailAlbumsViewController.swift in Sources */,
				4DE0686A28ECA48D001B743A /* SignUpViewController.swift in Sources */,
				4DE0687928ECD218001B743A /* UIViewController + extension.swift in Sources */,
				4DE0685628EC9945001B743A /* SceneDelegate.swift in Sources */,
				4DE0686C28ECA4A6001B743A /* AlbumsViewController.swift in Sources */,
				4DE0687728ECA7F8001B743A /* UIStackView + extension.swift in Sources */,
				4DE0687D28ECE27E001B743A /* SongsCollectionViewCell.swift in Sources */,
			);
			runOnlyForDeploymentPostprocessing = 0;
		};
/* End PBXSourcesBuildPhase section */

/* Begin PBXVariantGroup section */
		4DE0685928EC9945001B743A /* Main.storyboard */ = {
			isa = PBXVariantGroup;
			children = (
				4DE0685A28EC9945001B743A /* Base */,
			);
			name = Main.storyboard;
			sourceTree = "<group>";
		};
		4DE0685E28EC9946001B743A /* LaunchScreen.storyboard */ = {
			isa = PBXVariantGroup;
			children = (
				4DE0685F28EC9946001B743A /* Base */,
			);
			name = LaunchScreen.storyboard;
			sourceTree = "<group>";
		};
/* End PBXVariantGroup section */

/* Begin XCBuildConfiguration section */
		4DE0686228EC9946001B743A /* Debug */ = {
			isa = XCBuildConfiguration;
			buildSettings = {
				ALWAYS_SEARCH_USER_PATHS = NO;
				CLANG_ANALYZER_NONNULL = YES;
				CLANG_ANALYZER_NUMBER_OBJECT_CONVERSION = YES_AGGRESSIVE;
				CLANG_CXX_LANGUAGE_STANDARD = "gnu++20";
				CLANG_ENABLE_MODULES = YES;
				CLANG_ENABLE_OBJC_ARC = YES;
				CLANG_ENABLE_OBJC_WEAK = YES;
				CLANG_WARN_BLOCK_CAPTURE_AUTORELEASING = YES;
				CLANG_WARN_BOOL_CONVERSION = YES;
				CLANG_WARN_COMMA = YES;
				CLANG_WARN_CONSTANT_CONVERSION = YES;
				CLANG_WARN_DEPRECATED_OBJC_IMPLEMENTATIONS = YES;
				CLANG_WARN_DIRECT_OBJC_ISA_USAGE = YES_ERROR;
				CLANG_WARN_DOCUMENTATION_COMMENTS = YES;
				CLANG_WARN_EMPTY_BODY = YES;
				CLANG_WARN_ENUM_CONVERSION = YES;
				CLANG_WARN_INFINITE_RECURSION = YES;
				CLANG_WARN_INT_CONVERSION = YES;
				CLANG_WARN_NON_LITERAL_NULL_CONVERSION = YES;
				CLANG_WARN_OBJC_IMPLICIT_RETAIN_SELF = YES;
				CLANG_WARN_OBJC_LITERAL_CONVERSION = YES;
				CLANG_WARN_OBJC_ROOT_CLASS = YES_ERROR;
				CLANG_WARN_QUOTED_INCLUDE_IN_FRAMEWORK_HEADER = YES;
				CLANG_WARN_RANGE_LOOP_ANALYSIS = YES;
				CLANG_WARN_STRICT_PROTOTYPES = YES;
				CLANG_WARN_SUSPICIOUS_MOVE = YES;
				CLANG_WARN_UNGUARDED_AVAILABILITY = YES_AGGRESSIVE;
				CLANG_WARN_UNREACHABLE_CODE = YES;
				CLANG_WARN__DUPLICATE_METHOD_MATCH = YES;
				COPY_PHASE_STRIP = NO;
				DEBUG_INFORMATION_FORMAT = dwarf;
				ENABLE_STRICT_OBJC_MSGSEND = YES;
				ENABLE_TESTABILITY = YES;
				GCC_C_LANGUAGE_STANDARD = gnu11;
				GCC_DYNAMIC_NO_PIC = NO;
				GCC_NO_COMMON_BLOCKS = YES;
				GCC_OPTIMIZATION_LEVEL = 0;
				GCC_PREPROCESSOR_DEFINITIONS = (
					"DEBUG=1",
					"$(inherited)",
				);
				GCC_WARN_64_TO_32_BIT_CONVERSION = YES;
				GCC_WARN_ABOUT_RETURN_TYPE = YES_ERROR;
				GCC_WARN_UNDECLARED_SELECTOR = YES;
				GCC_WARN_UNINITIALIZED_AUTOS = YES_AGGRESSIVE;
				GCC_WARN_UNUSED_FUNCTION = YES;
				GCC_WARN_UNUSED_VARIABLE = YES;
				IPHONEOS_DEPLOYMENT_TARGET = 16.0;
				MTL_ENABLE_DEBUG_INFO = INCLUDE_SOURCE;
				MTL_FAST_MATH = YES;
				ONLY_ACTIVE_ARCH = YES;
				SDKROOT = iphoneos;
				SWIFT_ACTIVE_COMPILATION_CONDITIONS = DEBUG;
				SWIFT_OPTIMIZATION_LEVEL = "-Onone";
			};
			name = Debug;
		};
		4DE0686328EC9946001B743A /* Release */ = {
			isa = XCBuildConfiguration;
			buildSettings = {
				ALWAYS_SEARCH_USER_PATHS = NO;
				CLANG_ANALYZER_NONNULL = YES;
				CLANG_ANALYZER_NUMBER_OBJECT_CONVERSION = YES_AGGRESSIVE;
				CLANG_CXX_LANGUAGE_STANDARD = "gnu++20";
				CLANG_ENABLE_MODULES = YES;
				CLANG_ENABLE_OBJC_ARC = YES;
				CLANG_ENABLE_OBJC_WEAK = YES;
				CLANG_WARN_BLOCK_CAPTURE_AUTORELEASING = YES;
				CLANG_WARN_BOOL_CONVERSION = YES;
				CLANG_WARN_COMMA = YES;
				CLANG_WARN_CONSTANT_CONVERSION = YES;
				CLANG_WARN_DEPRECATED_OBJC_IMPLEMENTATIONS = YES;
				CLANG_WARN_DIRECT_OBJC_ISA_USAGE = YES_ERROR;
				CLANG_WARN_DOCUMENTATION_COMMENTS = YES;
				CLANG_WARN_EMPTY_BODY = YES;
				CLANG_WARN_ENUM_CONVERSION = YES;
				CLANG_WARN_INFINITE_RECURSION = YES;
				CLANG_WARN_INT_CONVERSION = YES;
				CLANG_WARN_NON_LITERAL_NULL_CONVERSION = YES;
				CLANG_WARN_OBJC_IMPLICIT_RETAIN_SELF = YES;
				CLANG_WARN_OBJC_LITERAL_CONVERSION = YES;
				CLANG_WARN_OBJC_ROOT_CLASS = YES_ERROR;
				CLANG_WARN_QUOTED_INCLUDE_IN_FRAMEWORK_HEADER = YES;
				CLANG_WARN_RANGE_LOOP_ANALYSIS = YES;
				CLANG_WARN_STRICT_PROTOTYPES = YES;
				CLANG_WARN_SUSPICIOUS_MOVE = YES;
				CLANG_WARN_UNGUARDED_AVAILABILITY = YES_AGGRESSIVE;
				CLANG_WARN_UNREACHABLE_CODE = YES;
				CLANG_WARN__DUPLICATE_METHOD_MATCH = YES;
				COPY_PHASE_STRIP = NO;
				DEBUG_INFORMATION_FORMAT = "dwarf-with-dsym";
				ENABLE_NS_ASSERTIONS = NO;
				ENABLE_STRICT_OBJC_MSGSEND = YES;
				GCC_C_LANGUAGE_STANDARD = gnu11;
				GCC_NO_COMMON_BLOCKS = YES;
				GCC_WARN_64_TO_32_BIT_CONVERSION = YES;
				GCC_WARN_ABOUT_RETURN_TYPE = YES_ERROR;
				GCC_WARN_UNDECLARED_SELECTOR = YES;
				GCC_WARN_UNINITIALIZED_AUTOS = YES_AGGRESSIVE;
				GCC_WARN_UNUSED_FUNCTION = YES;
				GCC_WARN_UNUSED_VARIABLE = YES;
				IPHONEOS_DEPLOYMENT_TARGET = 16.0;
				MTL_ENABLE_DEBUG_INFO = NO;
				MTL_FAST_MATH = YES;
				SDKROOT = iphoneos;
				SWIFT_COMPILATION_MODE = wholemodule;
				SWIFT_OPTIMIZATION_LEVEL = "-O";
				VALIDATE_PRODUCT = YES;
			};
			name = Release;
		};
		4DE0686528EC9946001B743A /* Debug */ = {
			isa = XCBuildConfiguration;
			buildSettings = {
				ASSETCATALOG_COMPILER_APPICON_NAME = AppIcon;
				ASSETCATALOG_COMPILER_GLOBAL_ACCENT_COLOR_NAME = AccentColor;
				CODE_SIGN_STYLE = Automatic;
				CURRENT_PROJECT_VERSION = 1;
				DEVELOPMENT_TEAM = AF9W25XMD8;
				GENERATE_INFOPLIST_FILE = YES;
				INFOPLIST_FILE = iTunes_TestTask/Products/Info.plist;
				INFOPLIST_KEY_UIApplicationSupportsIndirectInputEvents = YES;
				INFOPLIST_KEY_UILaunchStoryboardName = LaunchScreen;
				INFOPLIST_KEY_UIMainStoryboardFile = Main;
				INFOPLIST_KEY_UISupportedInterfaceOrientations = UIInterfaceOrientationPortrait;
				INFOPLIST_KEY_UISupportedInterfaceOrientations_iPad = "UIInterfaceOrientationLandscapeLeft UIInterfaceOrientationLandscapeRight UIInterfaceOrientationPortrait UIInterfaceOrientationPortraitUpsideDown";
				LD_RUNPATH_SEARCH_PATHS = (
					"$(inherited)",
					"@executable_path/Frameworks",
				);
				MARKETING_VERSION = 1.0;
				PRODUCT_BUNDLE_IDENTIFIER = "Home.iTunes-TestTask";
				PRODUCT_NAME = "$(TARGET_NAME)";
				SUPPORTED_PLATFORMS = "iphoneos iphonesimulator";
				SUPPORTS_MACCATALYST = NO;
				SUPPORTS_MAC_DESIGNED_FOR_IPHONE_IPAD = YES;
				SWIFT_EMIT_LOC_STRINGS = YES;
				SWIFT_VERSION = 5.0;
				TARGETED_DEVICE_FAMILY = 1;
			};
			name = Debug;
		};
		4DE0686628EC9946001B743A /* Release */ = {
			isa = XCBuildConfiguration;
			buildSettings = {
				ASSETCATALOG_COMPILER_APPICON_NAME = AppIcon;
				ASSETCATALOG_COMPILER_GLOBAL_ACCENT_COLOR_NAME = AccentColor;
				CODE_SIGN_STYLE = Automatic;
				CURRENT_PROJECT_VERSION = 1;
				DEVELOPMENT_TEAM = AF9W25XMD8;
				GENERATE_INFOPLIST_FILE = YES;
				INFOPLIST_FILE = iTunes_TestTask/Products/Info.plist;
				INFOPLIST_KEY_UIApplicationSupportsIndirectInputEvents = YES;
				INFOPLIST_KEY_UILaunchStoryboardName = LaunchScreen;
				INFOPLIST_KEY_UIMainStoryboardFile = Main;
				INFOPLIST_KEY_UISupportedInterfaceOrientations = UIInterfaceOrientationPortrait;
				INFOPLIST_KEY_UISupportedInterfaceOrientations_iPad = "UIInterfaceOrientationLandscapeLeft UIInterfaceOrientationLandscapeRight UIInterfaceOrientationPortrait UIInterfaceOrientationPortraitUpsideDown";
				LD_RUNPATH_SEARCH_PATHS = (
					"$(inherited)",
					"@executable_path/Frameworks",
				);
				MARKETING_VERSION = 1.0;
				PRODUCT_BUNDLE_IDENTIFIER = "Home.iTunes-TestTask";
				PRODUCT_NAME = "$(TARGET_NAME)";
				SUPPORTED_PLATFORMS = "iphoneos iphonesimulator";
				SUPPORTS_MACCATALYST = NO;
				SUPPORTS_MAC_DESIGNED_FOR_IPHONE_IPAD = YES;
				SWIFT_EMIT_LOC_STRINGS = YES;
				SWIFT_VERSION = 5.0;
				TARGETED_DEVICE_FAMILY = 1;
			};
			name = Release;
		};
/* End XCBuildConfiguration section */

/* Begin XCConfigurationList section */
		4DE0684B28EC9945001B743A /* Build configuration list for PBXProject "iTunes_TestTask" */ = {
			isa = XCConfigurationList;
			buildConfigurations = (
				4DE0686228EC9946001B743A /* Debug */,
				4DE0686328EC9946001B743A /* Release */,
			);
			defaultConfigurationIsVisible = 0;
			defaultConfigurationName = Release;
		};
		4DE0686428EC9946001B743A /* Build configuration list for PBXNativeTarget "iTunes_TestTask" */ = {
			isa = XCConfigurationList;
			buildConfigurations = (
				4DE0686528EC9946001B743A /* Debug */,
				4DE0686628EC9946001B743A /* Release */,
			);
			defaultConfigurationIsVisible = 0;
			defaultConfigurationName = Release;
		};
/* End XCConfigurationList section */
	};
	rootObject = 4DE0684828EC9945001B743A /* Project object */;
}
